{
  "name": "cosq_mvp",
  "requires": true,
  "lockfileVersion": 1,
  "dependencies": {
    "rails-ujs": {
      "version": "5.1.4",
      "resolved": "https://registry.npmjs.org/rails-ujs/-/rails-ujs-5.1.4.tgz",
      "integrity": "sha512-DDt1IUSsqtI82fmyMpEayaSrmHB7tsD5hPMctVnMvQ/o9FlVIE4TPs7tJN6oquH8O0Rc3FxmYj3VEBYVsmm/sA=="
    }
  }
}
